
Microsoft Visual Studio Solution File, Format Version 12.00
# Visual Studio Version 16
VisualStudioVersion = 16.0.31105.61
MinimumVisualStudioVersion = 10.0.40219.1
Project("{FAE04EC0-301F-11D3-BF4B-00C04F79EFBC}") = "Borwell Software Challenge - Paint Calculator", "Borwell Software Challenge - Paint Calculator\Borwell Software Challenge - Paint Calculator.csproj", "{5DD9F679-BFC8-4FDD-B43D-B0CFBC7E05D0}"
EndProject
Project("{FAE04EC0-301F-11D3-BF4B-00C04F79EFBC}") = "Borwell Software Challenge - Paint Calculator (GUI)", "Borwell Software Challenge - Paint Calculator (GUI)\Borwell Software Challenge - Paint Calculator (GUI).csproj", "{8C3378C1-86D2-4EDE-8BBB-7F281FEBF7DE}"
EndProject
Global
	GlobalSection(SolutionConfigurationPlatforms) = preSolution
		Debug|Any CPU = Debug|Any CPU
		Release|Any CPU = Release|Any CPU
	EndGlobalSection
	GlobalSection(ProjectConfigurationPlatforms) = postSolution
		{5DD9F679-BFC8-4FDD-B43D-B0CFBC7E05D0}.Debug|Any CPU.ActiveCfg = Debug|Any CPU
		{5DD9F679-BFC8-4FDD-B43D-B0CFBC7E05D0}.Debug|Any CPU.Build.0 = Debug|Any CPU
		{5DD9F679-BFC8-4FDD-B43D-B0CFBC7E05D0}.Release|Any CPU.ActiveCfg = Release|Any CPU
		{5DD9F679-BFC8-4FDD-B43D-B0CFBC7E05D0}.Release|Any CPU.Build.0 = Release|Any CPU
		{8C3378C1-86D2-4EDE-8BBB-7F281FEBF7DE}.Debug|Any CPU.ActiveCfg = Debug|Any CPU
		{8C3378C1-86D2-4EDE-8BBB-7F281FEBF7DE}.Debug|Any CPU.Build.0 = Debug|Any CPU
		{8C3378C1-86D2-4EDE-8BBB-7F281FEBF7DE}.Release|Any CPU.ActiveCfg = Release|Any CPU
		{8C3378C1-86D2-4EDE-8BBB-7F281FEBF7DE}.Release|Any CPU.Build.0 = Release|Any CPU
	EndGlobalSection
	GlobalSection(SolutionProperties) = preSolution
		HideSolutionNode = FALSE
	EndGlobalSection
	GlobalSection(ExtensibilityGlobals) = postSolution
		SolutionGuid = {A6333A8F-84F2-4332-94A6-2BCF4275F5FC}
	EndGlobalSection
EndGlobal
